
Microsoft Visual Studio Solution File, Format Version 12.00
# Visual Studio Version 16
VisualStudioVersion = 16.0.30503.244
MinimumVisualStudioVersion = 10.0.40219.1
Project("{FAE04EC0-301F-11D3-BF4B-00C04F79EFBC}") = "DWProyecto", "DWProyecto\DWProyecto.csproj", "{E343E3F9-6014-45A0-AE5F-EF056116AA3D}"
EndProject
Global
	GlobalSection(SolutionConfigurationPlatforms) = preSolution
		Debug|Any CPU = Debug|Any CPU
		Release|Any CPU = Release|Any CPU
	EndGlobalSection
	GlobalSection(ProjectConfigurationPlatforms) = postSolution
		{E343E3F9-6014-45A0-AE5F-EF056116AA3D}.Debug|Any CPU.ActiveCfg = Debug|Any CPU
		{E343E3F9-6014-45A0-AE5F-EF056116AA3D}.Debug|Any CPU.Build.0 = Debug|Any CPU
		{E343E3F9-6014-45A0-AE5F-EF056116AA3D}.Release|Any CPU.ActiveCfg = Release|Any CPU
		{E343E3F9-6014-45A0-AE5F-EF056116AA3D}.Release|Any CPU.Build.0 = Release|Any CPU
	EndGlobalSection
	GlobalSection(SolutionProperties) = preSolution
		HideSolutionNode = FALSE
	EndGlobalSection
	GlobalSection(ExtensibilityGlobals) = postSolution
		SolutionGuid = {55304293-063D-4C67-9667-BD754DA6C776}
	EndGlobalSection
EndGlobal
